# THIS IS AN AUTOGENERATED FILE. DO NOT EDIT THIS FILE DIRECTLY.
# yarn lockfile v1


js-cookie@2.1.4:
  version "2.1.4"
  resolved "https://registry.yarnpkg.com/js-cookie/-/js-cookie-2.1.4.tgz#da4ec503866f149d164cf25f579ef31015025d8d"

rison@0.1.1:
  version "0.1.1"
  resolved "https://registry.yarnpkg.com/rison/-/rison-0.1.1.tgz#4dcc0557b241aff60e76178e7792135713f33120"
