# THIS IS AN AUTOGENERATED FILE. DO NOT EDIT THIS FILE DIRECTLY.
# yarn lockfile v1


browser-detect@0.2.22:
  version "0.2.22"
  resolved "https://registry.yarnpkg.com/browser-detect/-/browser-detect-0.2.22.tgz#fc5ec8a08c287bb9eca6c00f817cb4b67871d066"
  dependencies:
    core-js "^2.5.1"

core-js@^2.5.1:
  version "2.5.3"
  resolved "https://registry.yarnpkg.com/core-js/-/core-js-2.5.3.tgz#8acc38345824f16d8365b7c9b4259168e8ed603e"

escape-html@1.0.3:
  version "1.0.3"
  resolved "https://registry.yarnpkg.com/escape-html/-/escape-html-1.0.3.tgz#0258eae4d3d0c0974de1c169188ef0051d1d1988"
